// !$*UTF8*$!
{
	archiveVersion = 1;
	classes = {
	};
	objectVersion = 45;
	objects = {

/* Begin PBXBuildFile section */
		3A010DB711BB684300852052 /* fs_ocean.glsl in Copy GLSL */ = {isa = PBXBuildFile; fileRef = 3A010DA311BB683500852052 /* fs_ocean.glsl */; };
		3A010DB811BB684300852052 /* vs_ocean.glsl in Copy GLSL */ = {isa = PBXBuildFile; fileRef = 3A010DA411BB683500852052 /* vs_ocean.glsl */; };
		3A010DC511BB68B200852052 /* ocean_normalmap.bmp in Copy Texture */ = {isa = PBXBuildFile; fileRef = 3A010DC311BB68AD00852052 /* ocean_normalmap.bmp */; };
		3A010DC611BB68B200852052 /* water.bmp in Copy Texture */ = {isa = PBXBuildFile; fileRef = 3A010DC411BB68AD00852052 /* water.bmp */; };
		3A010E4211BB7B1F00852052 /* types.cpp in Sources */ = {isa = PBXBuildFile; fileRef = 3A010E4011BB7B1F00852052 /* types.cpp */; };
		3AAAB5E511388E5600793265 /* OpenGL.framework in Frameworks */ = {isa = PBXBuildFile; fileRef = 3AF9CBB71135E4D70009933F /* OpenGL.framework */; };
		3AAAB5E611388E5600793265 /* GLUT.framework in Frameworks */ = {isa = PBXBuildFile; fileRef = 3AF9CBBB1135E4DD0009933F /* GLUT.framework */; };
		3AAAB60011388E8400793265 /* GLSL_DiffuseV.glsl in CopyFiles */ = {isa = PBXBuildFile; fileRef = 3AAAB5FA11388E7500793265 /* GLSL_DiffuseV.glsl */; };
		3AAAB60111388E8600793265 /* GLSL_DiffuseF_release.glsl in CopyFiles */ = {isa = PBXBuildFile; fileRef = 3AAAB5F911388E7500793265 /* GLSL_DiffuseF_release.glsl */; };
		3AAAB61811388F3400793265 /* DiffuseShader2.cpp in Sources */ = {isa = PBXBuildFile; fileRef = 3AAAB5F711388E7500793265 /* DiffuseShader2.cpp */; };
		3AAAB61911388F3400793265 /* GLSL_helper.cpp in Sources */ = {isa = PBXBuildFile; fileRef = 3AAAB5FB11388E7500793265 /* GLSL_helper.cpp */; };
		3AAAB702113DFD4500793265 /* OpenGL.framework in Frameworks */ = {isa = PBXBuildFile; fileRef = 3AF9CBB71135E4D70009933F /* OpenGL.framework */; };
		3AAAB703113DFD4500793265 /* GLUT.framework in Frameworks */ = {isa = PBXBuildFile; fileRef = 3AF9CBBB1135E4DD0009933F /* GLUT.framework */; };
		3AAAB737113DFD8400793265 /* lightmap_release.cpp in Sources */ = {isa = PBXBuildFile; fileRef = 3AAAB730113DFD8400793265 /* lightmap_release.cpp */; };
		3AAAB738113DFD8400793265 /* tex.cpp in Sources */ = {isa = PBXBuildFile; fileRef = 3AAAB731113DFD8400793265 /* tex.cpp */; };
		3AAAB739113DFD9400793265 /* FLight.glsl in Copy GLSL */ = {isa = PBXBuildFile; fileRef = 3AAAB72F113DFD8400793265 /* FLight.glsl */; };
		3AAAB73A113DFD9400793265 /* VLight.glsl in Copy GLSL */ = {isa = PBXBuildFile; fileRef = 3AAAB736113DFD8400793265 /* VLight.glsl */; };
		3AAAB73C113DFDCA00793265 /* image1.bmp in Copy Texture */ = {isa = PBXBuildFile; fileRef = 3AAAB734113DFD8400793265 /* image1.bmp */; };
		3AAAB73D113DFDCA00793265 /* lightmap.bmp in Copy Texture */ = {isa = PBXBuildFile; fileRef = 3AAAB735113DFD8400793265 /* lightmap.bmp */; };
		3AAAB74F113DFE1D00793265 /* GLSL_helper.cpp in Sources */ = {isa = PBXBuildFile; fileRef = 3AF9CB441135E35D0009933F /* GLSL_helper.cpp */; };
		3AAAB79C1144A39E00793265 /* PLANE_1.bmp in Copy Texture */ = {isa = PBXBuildFile; fileRef = 3AAAB79B1144A36700793265 /* PLANE_1.bmp */; };
		3AAAB89A1144B2F100793265 /* BOX_1.bmp in Copy Texture */ = {isa = PBXBuildFile; fileRef = 3AAAB8991144B2ED00793265 /* BOX_1.bmp */; };
		3AAAB98F1144CABD00793265 /* BOX_1debug.bmp in Copy Texture */ = {isa = PBXBuildFile; fileRef = 3AAAB98E1144CAB500793265 /* BOX_1debug.bmp */; };
		3AF9CB471135E35D0009933F /* GLSL_helper.cpp in Sources */ = {isa = PBXBuildFile; fileRef = 3AF9CB441135E35D0009933F /* GLSL_helper.cpp */; };
		3AF9CBB81135E4D70009933F /* OpenGL.framework in Frameworks */ = {isa = PBXBuildFile; fileRef = 3AF9CBB71135E4D70009933F /* OpenGL.framework */; };
		3AF9CBBC1135E4DD0009933F /* GLUT.framework in Frameworks */ = {isa = PBXBuildFile; fileRef = 3AF9CBBB1135E4DD0009933F /* GLUT.framework */; };
		3AF9CBDF1135E5530009933F /* GLSL_Diffuse.glsl in CopyFiles */ = {isa = PBXBuildFile; fileRef = 3AF9CB431135E35D0009933F /* GLSL_Diffuse.glsl */; };
		8DD76F6A0486A84900D96B5E /* shader.1 in CopyFiles */ = {isa = PBXBuildFile; fileRef = C6859E8B029090EE04C91782 /* shader.1 */; };
/* End PBXBuildFile section */

/* Begin PBXCopyFilesBuildPhase section */
		3AAAB5E711388E5600793265 /* CopyFiles */ = {
			isa = PBXCopyFilesBuildPhase;
			buildActionMask = 8;
			dstPath = /usr/share/man/man1/;
			dstSubfolderSpec = 0;
			files = (
			);
			runOnlyForDeploymentPostprocessing = 1;
		};
		3AAAB5E911388E5600793265 /* CopyFiles */ = {
			isa = PBXCopyFilesBuildPhase;
			buildActionMask = 2147483647;
			dstPath = "";
			dstSubfolderSpec = 16;
			files = (
				3AAAB60111388E8600793265 /* GLSL_DiffuseF_release.glsl in CopyFiles */,
				3AAAB60011388E8400793265 /* GLSL_DiffuseV.glsl in CopyFiles */,
			);
			runOnlyForDeploymentPostprocessing = 0;
		};
		3AAAB704113DFD4500793265 /* CopyFiles */ = {
			isa = PBXCopyFilesBuildPhase;
			buildActionMask = 8;
			dstPath = /usr/share/man/man1/;
			dstSubfolderSpec = 0;
			files = (
			);
			runOnlyForDeploymentPostprocessing = 1;
		};
		3AAAB705113DFD4500793265 /* Copy GLSL */ = {
			isa = PBXCopyFilesBuildPhase;
			buildActionMask = 2147483647;
			dstPath = "";
			dstSubfolderSpec = 16;
			files = (
				3A010DB711BB684300852052 /* fs_ocean.glsl in Copy GLSL */,
				3A010DB811BB684300852052 /* vs_ocean.glsl in Copy GLSL */,
				3AAAB739113DFD9400793265 /* FLight.glsl in Copy GLSL */,
				3AAAB73A113DFD9400793265 /* VLight.glsl in Copy GLSL */,
			);
			name = "Copy GLSL";
			runOnlyForDeploymentPostprocessing = 0;
		};
		3AAAB748113DFDD300793265 /* Copy Texture */ = {
			isa = PBXCopyFilesBuildPhase;
			buildActionMask = 2147483647;
			dstPath = texture;
			dstSubfolderSpec = 16;
			files = (
				3A010DC511BB68B200852052 /* ocean_normalmap.bmp in Copy Texture */,
				3A010DC611BB68B200852052 /* water.bmp in Copy Texture */,
				3AAAB98F1144CABD00793265 /* BOX_1debug.bmp in Copy Texture */,
				3AAAB89A1144B2F100793265 /* BOX_1.bmp in Copy Texture */,
				3AAAB79C1144A39E00793265 /* PLANE_1.bmp in Copy Texture */,
				3AAAB73C113DFDCA00793265 /* image1.bmp in Copy Texture */,
				3AAAB73D113DFDCA00793265 /* lightmap.bmp in Copy Texture */,
			);
			name = "Copy Texture";
			runOnlyForDeploymentPostprocessing = 0;
		};
		3AF9CBE41135E5570009933F /* CopyFiles */ = {
			isa = PBXCopyFilesBuildPhase;
			buildActionMask = 2147483647;
			dstPath = "";
			dstSubfolderSpec = 16;
			files = (
				3AF9CBDF1135E5530009933F /* GLSL_Diffuse.glsl in CopyFiles */,
			);
			runOnlyForDeploymentPostprocessing = 0;
		};
		8DD76F690486A84900D96B5E /* CopyFiles */ = {
			isa = PBXCopyFilesBuildPhase;
			buildActionMask = 8;
			dstPath = /usr/share/man/man1/;
			dstSubfolderSpec = 0;
			files = (
				8DD76F6A0486A84900D96B5E /* shader.1 in CopyFiles */,
			);
			runOnlyForDeploymentPostprocessing = 1;
		};
/* End PBXCopyFilesBuildPhase section */

/* Begin PBXFileReference section */
		3A010DA311BB683500852052 /* fs_ocean.glsl */ = {isa = PBXFileReference; fileEncoding = 4; lastKnownFileType = text; path = fs_ocean.glsl; sourceTree = "<group>"; };
		3A010DA411BB683500852052 /* vs_ocean.glsl */ = {isa = PBXFileReference; fileEncoding = 4; lastKnownFileType = text; path = vs_ocean.glsl; sourceTree = "<group>"; };
		3A010DC311BB68AD00852052 /* ocean_normalmap.bmp */ = {isa = PBXFileReference; lastKnownFileType = image.bmp; path = ocean_normalmap.bmp; sourceTree = SOURCE_ROOT; };
		3A010DC411BB68AD00852052 /* water.bmp */ = {isa = PBXFileReference; lastKnownFileType = image.bmp; path = water.bmp; sourceTree = SOURCE_ROOT; };
		3A010E4011BB7B1F00852052 /* types.cpp */ = {isa = PBXFileReference; fileEncoding = 4; lastKnownFileType = sourcecode.cpp.cpp; path = types.cpp; sourceTree = "<group>"; };
		3A010E4111BB7B1F00852052 /* types.h */ = {isa = PBXFileReference; fileEncoding = 4; lastKnownFileType = sourcecode.c.h; path = types.h; sourceTree = "<group>"; };
		3AAAB5EE11388E5600793265 /* shader */ = {isa = PBXFileReference; explicitFileType = "compiled.mach-o.executable"; includeInIndex = 0; path = shader; sourceTree = BUILT_PRODUCTS_DIR; };
		3AAAB5F611388E7500793265 /* DiffuseShader.cpp */ = {isa = PBXFileReference; fileEncoding = 4; lastKnownFileType = sourcecode.cpp.cpp; path = DiffuseShader.cpp; sourceTree = "<group>"; };
		3AAAB5F711388E7500793265 /* DiffuseShader2.cpp */ = {isa = PBXFileReference; fileEncoding = 4; lastKnownFileType = sourcecode.cpp.cpp; path = DiffuseShader2.cpp; sourceTree = "<group>"; };
		3AAAB5F811388E7500793265 /* GLSL_Diffuse.glsl */ = {isa = PBXFileReference; fileEncoding = 4; lastKnownFileType = text; path = GLSL_Diffuse.glsl; sourceTree = "<group>"; };
		3AAAB5F911388E7500793265 /* GLSL_DiffuseF_release.glsl */ = {isa = PBXFileReference; fileEncoding = 4; lastKnownFileType = text; path = GLSL_DiffuseF_release.glsl; sourceTree = "<group>"; };
		3AAAB5FA11388E7500793265 /* GLSL_DiffuseV.glsl */ = {isa = PBXFileReference; fileEncoding = 4; lastKnownFileType = text; path = GLSL_DiffuseV.glsl; sourceTree = "<group>"; };
		3AAAB5FB11388E7500793265 /* GLSL_helper.cpp */ = {isa = PBXFileReference; fileEncoding = 4; lastKnownFileType = sourcecode.cpp.cpp; path = GLSL_helper.cpp; sourceTree = "<group>"; };
		3AAAB5FC11388E7500793265 /* GLSL_helper.h */ = {isa = PBXFileReference; fileEncoding = 4; lastKnownFileType = sourcecode.c.h; path = GLSL_helper.h; sourceTree = "<group>"; };
		3AAAB70B113DFD4500793265 /* shader */ = {isa = PBXFileReference; explicitFileType = "compiled.mach-o.executable"; includeInIndex = 0; path = shader; sourceTree = BUILT_PRODUCTS_DIR; };
		3AAAB72F113DFD8400793265 /* FLight.glsl */ = {isa = PBXFileReference; fileEncoding = 4; lastKnownFileType = text; path = FLight.glsl; sourceTree = "<group>"; };
		3AAAB730113DFD8400793265 /* lightmap_release.cpp */ = {isa = PBXFileReference; fileEncoding = 4; lastKnownFileType = sourcecode.cpp.cpp; path = lightmap_release.cpp; sourceTree = "<group>"; };
		3AAAB731113DFD8400793265 /* tex.cpp */ = {isa = PBXFileReference; fileEncoding = 4; lastKnownFileType = sourcecode.cpp.cpp; path = tex.cpp; sourceTree = "<group>"; };
		3AAAB732113DFD8400793265 /* tex.h */ = {isa = PBXFileReference; fileEncoding = 4; lastKnownFileType = sourcecode.c.h; path = tex.h; sourceTree = "<group>"; };
		3AAAB734113DFD8400793265 /* image1.bmp */ = {isa = PBXFileReference; lastKnownFileType = image.bmp; path = image1.bmp; sourceTree = "<group>"; };
		3AAAB735113DFD8400793265 /* lightmap.bmp */ = {isa = PBXFileReference; lastKnownFileType = image.bmp; path = lightmap.bmp; sourceTree = "<group>"; };
		3AAAB736113DFD8400793265 /* VLight.glsl */ = {isa = PBXFileReference; fileEncoding = 4; lastKnownFileType = text; path = VLight.glsl; sourceTree = "<group>"; };
		3AAAB79B1144A36700793265 /* PLANE_1.bmp */ = {isa = PBXFileReference; lastKnownFileType = image.bmp; name = PLANE_1.bmp; path = ../PLANE_1.bmp; sourceTree = "<group>"; };
		3AAAB8991144B2ED00793265 /* BOX_1.bmp */ = {isa = PBXFileReference; lastKnownFileType = image.bmp; path = BOX_1.bmp; sourceTree = SOURCE_ROOT; };
		3AAAB98E1144CAB500793265 /* BOX_1debug.bmp */ = {isa = PBXFileReference; lastKnownFileType = image.bmp; path = BOX_1debug.bmp; sourceTree = SOURCE_ROOT; };
		3AF9CB431135E35D0009933F /* GLSL_Diffuse.glsl */ = {isa = PBXFileReference; fileEncoding = 4; lastKnownFileType = text; path = GLSL_Diffuse.glsl; sourceTree = "<group>"; };
		3AF9CB441135E35D0009933F /* GLSL_helper.cpp */ = {isa = PBXFileReference; fileEncoding = 4; lastKnownFileType = sourcecode.cpp.cpp; path = GLSL_helper.cpp; sourceTree = "<group>"; };
		3AF9CB451135E35D0009933F /* GLSL_helper.h */ = {isa = PBXFileReference; fileEncoding = 4; lastKnownFileType = sourcecode.c.h; path = GLSL_helper.h; sourceTree = "<group>"; };
		3AF9CBB71135E4D70009933F /* OpenGL.framework */ = {isa = PBXFileReference; lastKnownFileType = wrapper.framework; name = OpenGL.framework; path = System/Library/Frameworks/OpenGL.framework; sourceTree = SDKROOT; };
		3AF9CBBB1135E4DD0009933F /* GLUT.framework */ = {isa = PBXFileReference; lastKnownFileType = wrapper.framework; name = GLUT.framework; path = System/Library/Frameworks/GLUT.framework; sourceTree = SDKROOT; };
		8DD76F6C0486A84900D96B5E /* shader */ = {isa = PBXFileReference; explicitFileType = "compiled.mach-o.executable"; includeInIndex = 0; path = shader; sourceTree = BUILT_PRODUCTS_DIR; };
		C6859E8B029090EE04C91782 /* shader.1 */ = {isa = PBXFileReference; lastKnownFileType = text.man; path = shader.1; sourceTree = "<group>"; };
/* End PBXFileReference section */

/* Begin PBXFrameworksBuildPhase section */
		3AAAB5E411388E5600793265 /* Frameworks */ = {
			isa = PBXFrameworksBuildPhase;
			buildActionMask = 2147483647;
			files = (
				3AAAB5E511388E5600793265 /* OpenGL.framework in Frameworks */,
				3AAAB5E611388E5600793265 /* GLUT.framework in Frameworks */,
			);
			runOnlyForDeploymentPostprocessing = 0;
		};
		3AAAB701113DFD4500793265 /* Frameworks */ = {
			isa = PBXFrameworksBuildPhase;
			buildActionMask = 2147483647;
			files = (
				3AAAB702113DFD4500793265 /* OpenGL.framework in Frameworks */,
				3AAAB703113DFD4500793265 /* GLUT.framework in Frameworks */,
			);
			runOnlyForDeploymentPostprocessing = 0;
		};
		8DD76F660486A84900D96B5E /* Frameworks */ = {
			isa = PBXFrameworksBuildPhase;
			buildActionMask = 2147483647;
			files = (
				3AF9CBB81135E4D70009933F /* OpenGL.framework in Frameworks */,
				3AF9CBBC1135E4DD0009933F /* GLUT.framework in Frameworks */,
			);
			runOnlyForDeploymentPostprocessing = 0;
		};
/* End PBXFrameworksBuildPhase section */

/* Begin PBXGroup section */
		08FB7794FE84155DC02AAC07 /* shader */ = {
			isa = PBXGroup;
			children = (
				08FB7795FE84155DC02AAC07 /* Source */,
				C6859E8C029090F304C91782 /* Documentation */,
				1AB674ADFE9D54B511CA2CBB /* Products */,
				3AF9CBB71135E4D70009933F /* OpenGL.framework */,
				3AF9CBBB1135E4DD0009933F /* GLUT.framework */,
			);
			name = shader;
			sourceTree = "<group>";
		};
		08FB7795FE84155DC02AAC07 /* Source */ = {
			isa = PBXGroup;
			children = (
				3A010DA311BB683500852052 /* fs_ocean.glsl */,
				3A010DA411BB683500852052 /* vs_ocean.glsl */,
				3AAAB5F611388E7500793265 /* DiffuseShader.cpp */,
				3AAAB5F711388E7500793265 /* DiffuseShader2.cpp */,
				3AAAB5F811388E7500793265 /* GLSL_Diffuse.glsl */,
				3AAAB5F911388E7500793265 /* GLSL_DiffuseF_release.glsl */,
				3AAAB5FA11388E7500793265 /* GLSL_DiffuseV.glsl */,
				3A010E4011BB7B1F00852052 /* types.cpp */,
				3A010E4111BB7B1F00852052 /* types.h */,
				3AAAB5FB11388E7500793265 /* GLSL_helper.cpp */,
				3AAAB5FC11388E7500793265 /* GLSL_helper.h */,
				3AF9CB431135E35D0009933F /* GLSL_Diffuse.glsl */,
				3AF9CB441135E35D0009933F /* GLSL_helper.cpp */,
				3AF9CB451135E35D0009933F /* GLSL_helper.h */,
				3AAAB72F113DFD8400793265 /* FLight.glsl */,
				3AAAB730113DFD8400793265 /* lightmap_release.cpp */,
				3AAAB731113DFD8400793265 /* tex.cpp */,
				3AAAB732113DFD8400793265 /* tex.h */,
				3AAAB733113DFD8400793265 /* texture */,
				3AAAB736113DFD8400793265 /* VLight.glsl */,
			);
			name = Source;
			sourceTree = "<group>";
		};
		1AB674ADFE9D54B511CA2CBB /* Products */ = {
			isa = PBXGroup;
			children = (
				8DD76F6C0486A84900D96B5E /* shader */,
				3AAAB5EE11388E5600793265 /* shader */,
				3AAAB70B113DFD4500793265 /* shader */,
			);
			name = Products;
			sourceTree = "<group>";
		};
		3AAAB733113DFD8400793265 /* texture */ = {
			isa = PBXGroup;
			children = (
				3A010DC311BB68AD00852052 /* ocean_normalmap.bmp */,
				3A010DC411BB68AD00852052 /* water.bmp */,
				3AAAB98E1144CAB500793265 /* BOX_1debug.bmp */,
				3AAAB8991144B2ED00793265 /* BOX_1.bmp */,
				3AAAB79B1144A36700793265 /* PLANE_1.bmp */,
				3AAAB734113DFD8400793265 /* image1.bmp */,
				3AAAB735113DFD8400793265 /* lightmap.bmp */,
			);
			path = texture;
			sourceTree = "<group>";
		};
		C6859E8C029090F304C91782 /* Documentation */ = {
			isa = PBXGroup;
			children = (
				C6859E8B029090EE04C91782 /* shader.1 */,
			);
			name = Documentation;
			sourceTree = "<group>";
		};
/* End PBXGroup section */

/* Begin PBXNativeTarget section */
		3AAAB5E011388E5600793265 /* shader2 */ = {
			isa = PBXNativeTarget;
			buildConfigurationList = 3AAAB5EB11388E5600793265 /* Build configuration list for PBXNativeTarget "shader2" */;
			buildPhases = (
				3AAAB61A11388F4000793265 /* Sources */,
				3AAAB5E411388E5600793265 /* Frameworks */,
				3AAAB5E711388E5600793265 /* CopyFiles */,
				3AAAB5E911388E5600793265 /* CopyFiles */,
			);
			buildRules = (
			);
			dependencies = (
			);
			name = shader2;
			productInstallPath = "$(HOME)/bin";
			productName = shader;
			productReference = 3AAAB5EE11388E5600793265 /* shader */;
			productType = "com.apple.product-type.tool";
		};
		3AAAB6FD113DFD4500793265 /* ShaderP1 */ = {
			isa = PBXNativeTarget;
			buildConfigurationList = 3AAAB708113DFD4500793265 /* Build configuration list for PBXNativeTarget "ShaderP1" */;
			buildPhases = (
				3AAAB6FE113DFD4500793265 /* Sources */,
				3AAAB701113DFD4500793265 /* Frameworks */,
				3AAAB704113DFD4500793265 /* CopyFiles */,
				3AAAB705113DFD4500793265 /* Copy GLSL */,
				3AAAB748113DFDD300793265 /* Copy Texture */,
			);
			buildRules = (
			);
			dependencies = (
			);
			name = ShaderP1;
			productInstallPath = "$(HOME)/bin";
			productName = shader;
			productReference = 3AAAB70B113DFD4500793265 /* shader */;
			productType = "com.apple.product-type.tool";
		};
		8DD76F620486A84900D96B5E /* shader1 */ = {
			isa = PBXNativeTarget;
			buildConfigurationList = 1DEB923108733DC60010E9CD /* Build configuration list for PBXNativeTarget "shader1" */;
			buildPhases = (
				8DD76F640486A84900D96B5E /* Sources */,
				8DD76F660486A84900D96B5E /* Frameworks */,
				8DD76F690486A84900D96B5E /* CopyFiles */,
				3AF9CBE41135E5570009933F /* CopyFiles */,
			);
			buildRules = (
			);
			dependencies = (
			);
			name = shader1;
			productInstallPath = "$(HOME)/bin";
			productName = shader;
			productReference = 8DD76F6C0486A84900D96B5E /* shader */;
			productType = "com.apple.product-type.tool";
		};
/* End PBXNativeTarget section */

/* Begin PBXProject section */
		08FB7793FE84155DC02AAC07 /* Project object */ = {
			isa = PBXProject;
			buildConfigurationList = 1DEB923508733DC60010E9CD /* Build configuration list for PBXProject "shader" */;
			compatibilityVersion = "Xcode 3.1";
			hasScannedForEncodings = 1;
			mainGroup = 08FB7794FE84155DC02AAC07 /* shader */;
			projectDirPath = "";
			projectRoot = "";
			targets = (
				8DD76F620486A84900D96B5E /* shader1 */,
				3AAAB5E011388E5600793265 /* shader2 */,
				3AAAB6FD113DFD4500793265 /* ShaderP1 */,
			);
		};
/* End PBXProject section */

/* Begin PBXSourcesBuildPhase section */
		3AAAB61A11388F4000793265 /* Sources */ = {
			isa = PBXSourcesBuildPhase;
			buildActionMask = 2147483647;
			files = (
				3AAAB61811388F3400793265 /* DiffuseShader2.cpp in Sources */,
				3AAAB61911388F3400793265 /* GLSL_helper.cpp in Sources */,
			);
			runOnlyForDeploymentPostprocessing = 0;
		};
		3AAAB6FE113DFD4500793265 /* Sources */ = {
			isa = PBXSourcesBuildPhase;
			buildActionMask = 2147483647;
			files = (
				3AAAB74F113DFE1D00793265 /* GLSL_helper.cpp in Sources */,
				3AAAB737113DFD8400793265 /* lightmap_release.cpp in Sources */,
				3AAAB738113DFD8400793265 /* tex.cpp in Sources */,
				3A010E4211BB7B1F00852052 /* types.cpp in Sources */,
			);
			runOnlyForDeploymentPostprocessing = 0;
		};
		8DD76F640486A84900D96B5E /* Sources */ = {
			isa = PBXSourcesBuildPhase;
			buildActionMask = 2147483647;
			files = (
				3AF9CB471135E35D0009933F /* GLSL_helper.cpp in Sources */,
			);
			runOnlyForDeploymentPostprocessing = 0;
		};
/* End PBXSourcesBuildPhase section */

/* Begin XCBuildConfiguration section */
		1DEB923208733DC60010E9CD /* Debug */ = {
			isa = XCBuildConfiguration;
			buildSettings = {
				ALWAYS_SEARCH_USER_PATHS = NO;
				COPY_PHASE_STRIP = NO;
				GCC_DYNAMIC_NO_PIC = NO;
				GCC_ENABLE_FIX_AND_CONTINUE = YES;
				GCC_MODEL_TUNING = G5;
				GCC_OPTIMIZATION_LEVEL = 0;
				GCC_PREPROCESSOR_DEFINITIONS = (
					"_GLIBCXX_DEBUG=1",
					"_GLIBCXX_DEBUG_PEDANTIC=1",
				);
				INSTALL_PATH = /usr/local/bin;
				PRODUCT_NAME = shader;
			};
			name = Debug;
		};
		1DEB923308733DC60010E9CD /* Release */ = {
			isa = XCBuildConfiguration;
			buildSettings = {
				ALWAYS_SEARCH_USER_PATHS = NO;
				DEBUG_INFORMATION_FORMAT = "dwarf-with-dsym";
				GCC_MODEL_TUNING = G5;
				INSTALL_PATH = /usr/local/bin;
				PRODUCT_NAME = shader;
			};
			name = Release;
		};
		1DEB923608733DC60010E9CD /* Debug */ = {
			isa = XCBuildConfiguration;
			buildSettings = {
				ARCHS = "$(ARCHS_STANDARD_32_64_BIT)";
				GCC_C_LANGUAGE_STANDARD = gnu99;
				GCC_OPTIMIZATION_LEVEL = 0;
				GCC_WARN_ABOUT_RETURN_TYPE = YES;
				GCC_WARN_UNUSED_VARIABLE = YES;
				ONLY_ACTIVE_ARCH = YES;
				PREBINDING = NO;
				SDKROOT = macosx10.6;
			};
			name = Debug;
		};
		1DEB923708733DC60010E9CD /* Release */ = {
			isa = XCBuildConfiguration;
			buildSettings = {
				ARCHS = "$(ARCHS_STANDARD_32_64_BIT)";
				GCC_C_LANGUAGE_STANDARD = gnu99;
				GCC_WARN_ABOUT_RETURN_TYPE = YES;
				GCC_WARN_UNUSED_VARIABLE = YES;
				PREBINDING = NO;
				SDKROOT = macosx10.6;
			};
			name = Release;
		};
		3AAAB5EC11388E5600793265 /* Debug */ = {
			isa = XCBuildConfiguration;
			buildSettings = {
				ALWAYS_SEARCH_USER_PATHS = NO;
				COPY_PHASE_STRIP = NO;
				GCC_DYNAMIC_NO_PIC = NO;
				GCC_ENABLE_FIX_AND_CONTINUE = YES;
				GCC_MODEL_TUNING = G5;
				GCC_OPTIMIZATION_LEVEL = 0;
				GCC_PREPROCESSOR_DEFINITIONS = (
					"_GLIBCXX_DEBUG=1",
					"_GLIBCXX_DEBUG_PEDANTIC=1",
				);
				INSTALL_PATH = /usr/local/bin;
				PRODUCT_NAME = shader;
			};
			name = Debug;
		};
		3AAAB5ED11388E5600793265 /* Release */ = {
			isa = XCBuildConfiguration;
			buildSettings = {
				ALWAYS_SEARCH_USER_PATHS = NO;
				DEBUG_INFORMATION_FORMAT = "dwarf-with-dsym";
				GCC_MODEL_TUNING = G5;
				INSTALL_PATH = /usr/local/bin;
				PRODUCT_NAME = shader;
			};
			name = Release;
		};
		3AAAB709113DFD4500793265 /* Debug */ = {
			isa = XCBuildConfiguration;
			buildSettings = {
				ALWAYS_SEARCH_USER_PATHS = NO;
				COPY_PHASE_STRIP = NO;
				GCC_DYNAMIC_NO_PIC = NO;
				GCC_ENABLE_FIX_AND_CONTINUE = YES;
				GCC_MODEL_TUNING = G5;
				GCC_OPTIMIZATION_LEVEL = 0;
				GCC_PREPROCESSOR_DEFINITIONS = (
					"_GLIBCXX_DEBUG=1",
					"_GLIBCXX_DEBUG_PEDANTIC=1",
				);
				INSTALL_PATH = /usr/local/bin;
				PRODUCT_NAME = shader;
			};
			name = Debug;
		};
		3AAAB70A113DFD4500793265 /* Release */ = {
			isa = XCBuildConfiguration;
			buildSettings = {
				ALWAYS_SEARCH_USER_PATHS = NO;
				DEBUG_INFORMATION_FORMAT = "dwarf-with-dsym";
				GCC_MODEL_TUNING = G5;
				INSTALL_PATH = /usr/local/bin;
				PRODUCT_NAME = shader;
			};
			name = Release;
		};
/* End XCBuildConfiguration section */

/* Begin XCConfigurationList section */
		1DEB923108733DC60010E9CD /* Build configuration list for PBXNativeTarget "shader1" */ = {
			isa = XCConfigurationList;
			buildConfigurations = (
				1DEB923208733DC60010E9CD /* Debug */,
				1DEB923308733DC60010E9CD /* Release */,
			);
			defaultConfigurationIsVisible = 0;
			defaultConfigurationName = Release;
		};
		1DEB923508733DC60010E9CD /* Build configuration list for PBXProject "shader" */ = {
			isa = XCConfigurationList;
			buildConfigurations = (
				1DEB923608733DC60010E9CD /* Debug */,
				1DEB923708733DC60010E9CD /* Release */,
			);
			defaultConfigurationIsVisible = 0;
			defaultConfigurationName = Release;
		};
		3AAAB5EB11388E5600793265 /* Build configuration list for PBXNativeTarget "shader2" */ = {
			isa = XCConfigurationList;
			buildConfigurations = (
				3AAAB5EC11388E5600793265 /* Debug */,
				3AAAB5ED11388E5600793265 /* Release */,
			);
			defaultConfigurationIsVisible = 0;
			defaultConfigurationName = Release;
		};
		3AAAB708113DFD4500793265 /* Build configuration list for PBXNativeTarget "ShaderP1" */ = {
			isa = XCConfigurationList;
			buildConfigurations = (
				3AAAB709113DFD4500793265 /* Debug */,
				3AAAB70A113DFD4500793265 /* Release */,
			);
			defaultConfigurationIsVisible = 0;
			defaultConfigurationName = Release;
		};
/* End XCConfigurationList section */
	};
	rootObject = 08FB7793FE84155DC02AAC07 /* Project object */;
}
